# THIS IS AN AUTOGENERATED FILE. DO NOT EDIT THIS FILE DIRECTLY.
# yarn lockfile v1


re-base@^4.0.0:
  version "4.0.0"
  resolved "https://registry.yarnpkg.com/re-base/-/re-base-4.0.0.tgz#becebcaa5a3ac1001f740256f7bda4fa94d0c968"
  integrity sha512-btpYJuWOtPBiOW9osRu3O36kXbEK+J9HrJPwIbFZSd/r4wW3wJMBXLwASmilcE+mQIWupqmGdPyR+ZV+nKkSHA==
